
Microsoft Visual Studio Solution File, Format Version 12.00
# Visual Studio Version 17
VisualStudioVersion = 17.7.34221.43
MinimumVisualStudioVersion = 10.0.40219.1
Project("{FAE04EC0-301F-11D3-BF4B-00C04F79EFBC}") = "Examen3_Monserrat", "Examen3_Monserrat\Examen3_Monserrat.csproj", "{ED97FE2C-8515-495C-B96E-E72656007623}"
EndProject
Global
	GlobalSection(SolutionConfigurationPlatforms) = preSolution
		Debug|Any CPU = Debug|Any CPU
		Release|Any CPU = Release|Any CPU
	EndGlobalSection
	GlobalSection(ProjectConfigurationPlatforms) = postSolution
		{ED97FE2C-8515-495C-B96E-E72656007623}.Debug|Any CPU.ActiveCfg = Debug|Any CPU
		{ED97FE2C-8515-495C-B96E-E72656007623}.Debug|Any CPU.Build.0 = Debug|Any CPU
		{ED97FE2C-8515-495C-B96E-E72656007623}.Release|Any CPU.ActiveCfg = Release|Any CPU
		{ED97FE2C-8515-495C-B96E-E72656007623}.Release|Any CPU.Build.0 = Release|Any CPU
	EndGlobalSection
	GlobalSection(SolutionProperties) = preSolution
		HideSolutionNode = FALSE
	EndGlobalSection
	GlobalSection(ExtensibilityGlobals) = postSolution
		SolutionGuid = {7826D4D8-4D84-4FC4-98B3-1066E238374E}
	EndGlobalSection
EndGlobal
